
Microsoft Visual Studio Solution File, Format Version 12.00
# Visual Studio Version 17
VisualStudioVersion = 17.14.36623.8 d17.14
MinimumVisualStudioVersion = 10.0.40219.1
Project("{FAE04EC0-301F-11D3-BF4B-00C04F79EFBC}") = "C# New Features Coding test", "C# New Features Coding test\C# New Features Coding test.csproj", "{7A5E6BC3-0465-4E13-A55E-F643770ADBCF}"
EndProject
Project("{FAE04EC0-301F-11D3-BF4B-00C04F79EFBC}") = "Payroll", "Payroll\Payroll.csproj", "{F2D6FAA6-6352-48E6-A8F2-96301E5DD088}"
EndProject
Global
	GlobalSection(SolutionConfigurationPlatforms) = preSolution
		Debug|Any CPU = Debug|Any CPU
		Release|Any CPU = Release|Any CPU
	EndGlobalSection
	GlobalSection(ProjectConfigurationPlatforms) = postSolution
		{7A5E6BC3-0465-4E13-A55E-F643770ADBCF}.Debug|Any CPU.ActiveCfg = Debug|Any CPU
		{7A5E6BC3-0465-4E13-A55E-F643770ADBCF}.Debug|Any CPU.Build.0 = Debug|Any CPU
		{7A5E6BC3-0465-4E13-A55E-F643770ADBCF}.Release|Any CPU.ActiveCfg = Release|Any CPU
		{7A5E6BC3-0465-4E13-A55E-F643770ADBCF}.Release|Any CPU.Build.0 = Release|Any CPU
		{F2D6FAA6-6352-48E6-A8F2-96301E5DD088}.Debug|Any CPU.ActiveCfg = Debug|Any CPU
		{F2D6FAA6-6352-48E6-A8F2-96301E5DD088}.Debug|Any CPU.Build.0 = Debug|Any CPU
		{F2D6FAA6-6352-48E6-A8F2-96301E5DD088}.Release|Any CPU.ActiveCfg = Release|Any CPU
		{F2D6FAA6-6352-48E6-A8F2-96301E5DD088}.Release|Any CPU.Build.0 = Release|Any CPU
	EndGlobalSection
	GlobalSection(SolutionProperties) = preSolution
		HideSolutionNode = FALSE
	EndGlobalSection
	GlobalSection(ExtensibilityGlobals) = postSolution
		SolutionGuid = {A45FF813-3D0F-4649-B16C-C08FFCE5569E}
	EndGlobalSection
EndGlobal
